// !$*UTF8*$!
{
	archiveVersion = 1;
	classes = {
	};
	objectVersion = 56;
	objects = {

/* Begin PBXBuildFile section */
		ED5C8A0A298BE44E0060AD8F /* AppDelegate.swift in Sources */ = {isa = PBXBuildFile; fileRef = ED5C8A09298BE44E0060AD8F /* AppDelegate.swift */; };
		ED5C8A0C298BE44E0060AD8F /* SceneDelegate.swift in Sources */ = {isa = PBXBuildFile; fileRef = ED5C8A0B298BE44E0060AD8F /* SceneDelegate.swift */; };
		ED5C8A0E298BE44E0060AD8F /* ViewController.swift in Sources */ = {isa = PBXBuildFile; fileRef = ED5C8A0D298BE44E0060AD8F /* ViewController.swift */; };
		ED5C8A11298BE44E0060AD8F /* Main.storyboard in Resources */ = {isa = PBXBuildFile; fileRef = ED5C8A0F298BE44E0060AD8F /* Main.storyboard */; };
		ED5C8A13298BE44F0060AD8F /* Assets.xcassets in Resources */ = {isa = PBXBuildFile; fileRef = ED5C8A12298BE44F0060AD8F /* Assets.xcassets */; };
		ED5C8A16298BE44F0060AD8F /* LaunchScreen.storyboard in Resources */ = {isa = PBXBuildFile; fileRef = ED5C8A14298BE44F0060AD8F /* LaunchScreen.storyboard */; };
		EDF83822298D279200152E21 /* start.txt in Resources */ = {isa = PBXBuildFile; fileRef = EDF83821298D279200152E21 /* start.txt */; };
/* End PBXBuildFile section */

/* Begin PBXFileReference section */
		ED5C8A06298BE44E0060AD8F /* Projeto5.app */ = {isa = PBXFileReference; explicitFileType = wrapper.application; includeInIndex = 0; path = Projeto5.app; sourceTree = BUILT_PRODUCTS_DIR; };
		ED5C8A09298BE44E0060AD8F /* AppDelegate.swift */ = {isa = PBXFileReference; lastKnownFileType = sourcecode.swift; path = AppDelegate.swift; sourceTree = "<group>"; };
		ED5C8A0B298BE44E0060AD8F /* SceneDelegate.swift */ = {isa = PBXFileReference; lastKnownFileType = sourcecode.swift; path = SceneDelegate.swift; sourceTree = "<group>"; };
		ED5C8A0D298BE44E0060AD8F /* ViewController.swift */ = {isa = PBXFileReference; lastKnownFileType = sourcecode.swift; path = ViewController.swift; sourceTree = "<group>"; };
		ED5C8A10298BE44E0060AD8F /* Base */ = {isa = PBXFileReference; lastKnownFileType = file.storyboard; name = Base; path = Base.lproj/Main.storyboard; sourceTree = "<group>"; };
		ED5C8A12298BE44F0060AD8F /* Assets.xcassets */ = {isa = PBXFileReference; lastKnownFileType = folder.assetcatalog; path = Assets.xcassets; sourceTree = "<group>"; };
		ED5C8A15298BE44F0060AD8F /* Base */ = {isa = PBXFileReference; lastKnownFileType = file.storyboard; name = Base; path = Base.lproj/LaunchScreen.storyboard; sourceTree = "<group>"; };
		ED5C8A17298BE44F0060AD8F /* Info.plist */ = {isa = PBXFileReference; lastKnownFileType = text.plist.xml; path = Info.plist; sourceTree = "<group>"; };
		EDF83821298D279200152E21 /* start.txt */ = {isa = PBXFileReference; fileEncoding = 4; lastKnownFileType = text; path = start.txt; sourceTree = "<group>"; };
/* End PBXFileReference section */

/* Begin PBXFrameworksBuildPhase section */
		ED5C8A03298BE44E0060AD8F /* Frameworks */ = {
			isa = PBXFrameworksBuildPhase;
			buildActionMask = 2147483647;
			files = (
			);
			runOnlyForDeploymentPostprocessing = 0;
		};
/* End PBXFrameworksBuildPhase section */

/* Begin PBXGroup section */
		ED5C89FD298BE44E0060AD8F = {
			isa = PBXGroup;
			children = (
				ED5C8A08298BE44E0060AD8F /* Projeto5 */,
				ED5C8A07298BE44E0060AD8F /* Products */,
			);
			sourceTree = "<group>";
		};
		ED5C8A07298BE44E0060AD8F /* Products */ = {
			isa = PBXGroup;
			children = (
				ED5C8A06298BE44E0060AD8F /* Projeto5.app */,
			);
			name = Products;
			sourceTree = "<group>";
		};
		ED5C8A08298BE44E0060AD8F /* Projeto5 */ = {
			isa = PBXGroup;
			children = (
				ED5C8A09298BE44E0060AD8F /* AppDelegate.swift */,
				ED5C8A0B298BE44E0060AD8F /* SceneDelegate.swift */,
				ED5C8A0D298BE44E0060AD8F /* ViewController.swift */,
				ED5C8A0F298BE44E0060AD8F /* Main.storyboard */,
				ED5C8A12298BE44F0060AD8F /* Assets.xcassets */,
				ED5C8A14298BE44F0060AD8F /* LaunchScreen.storyboard */,
				ED5C8A17298BE44F0060AD8F /* Info.plist */,
				EDF83821298D279200152E21 /* start.txt */,
			);
			path = Projeto5;
			sourceTree = "<group>";
		};
/* End PBXGroup section */

/* Begin PBXNativeTarget section */
		ED5C8A05298BE44E0060AD8F /* Projeto5 */ = {
			isa = PBXNativeTarget;
			buildConfigurationList = ED5C8A1A298BE44F0060AD8F /* Build configuration list for PBXNativeTarget "Projeto5" */;
			buildPhases = (
				ED5C8A02298BE44E0060AD8F /* Sources */,
				ED5C8A03298BE44E0060AD8F /* Frameworks */,
				ED5C8A04298BE44E0060AD8F /* Resources */,
			);
			buildRules = (
			);
			dependencies = (
			);
			name = Projeto5;
			productName = Projeto5;
			productReference = ED5C8A06298BE44E0060AD8F /* Projeto5.app */;
			productType = "com.apple.product-type.application";
		};
/* End PBXNativeTarget section */

/* Begin PBXProject section */
		ED5C89FE298BE44E0060AD8F /* Project object */ = {
			isa = PBXProject;
			attributes = {
				BuildIndependentTargetsInParallel = 1;
				LastSwiftUpdateCheck = 1420;
				LastUpgradeCheck = 1420;
				TargetAttributes = {
					ED5C8A05298BE44E0060AD8F = {
						CreatedOnToolsVersion = 14.2;
					};
				};
			};
			buildConfigurationList = ED5C8A01298BE44E0060AD8F /* Build configuration list for PBXProject "Projeto5" */;
			compatibilityVersion = "Xcode 14.0";
			developmentRegion = en;
			hasScannedForEncodings = 0;
			knownRegions = (
				en,
				Base,
			);
			mainGroup = ED5C89FD298BE44E0060AD8F;
			productRefGroup = ED5C8A07298BE44E0060AD8F /* Products */;
			projectDirPath = "";
			projectRoot = "";
			targets = (
				ED5C8A05298BE44E0060AD8F /* Projeto5 */,
			);
		};
/* End PBXProject section */

/* Begin PBXResourcesBuildPhase section */
		ED5C8A04298BE44E0060AD8F /* Resources */ = {
			isa = PBXResourcesBuildPhase;
			buildActionMask = 2147483647;
			files = (
				ED5C8A16298BE44F0060AD8F /* LaunchScreen.storyboard in Resources */,
				EDF83822298D279200152E21 /* start.txt in Resources */,
				ED5C8A13298BE44F0060AD8F /* Assets.xcassets in Resources */,
				ED5C8A11298BE44E0060AD8F /* Main.storyboard in Resources */,
			);
			runOnlyForDeploymentPostprocessing = 0;
		};
/* End PBXResourcesBuildPhase section */

/* Begin PBXSourcesBuildPhase section */
		ED5C8A02298BE44E0060AD8F /* Sources */ = {
			isa = PBXSourcesBuildPhase;
			buildActionMask = 2147483647;
			files = (
				ED5C8A0E298BE44E0060AD8F /* ViewController.swift in Sources */,
				ED5C8A0A298BE44E0060AD8F /* AppDelegate.swift in Sources */,
				ED5C8A0C298BE44E0060AD8F /* SceneDelegate.swift in Sources */,
			);
			runOnlyForDeploymentPostprocessing = 0;
		};
/* End PBXSourcesBuildPhase section */

/* Begin PBXVariantGroup section */
		ED5C8A0F298BE44E0060AD8F /* Main.storyboard */ = {
			isa = PBXVariantGroup;
			children = (
				ED5C8A10298BE44E0060AD8F /* Base */,
			);
			name = Main.storyboard;
			sourceTree = "<group>";
		};
		ED5C8A14298BE44F0060AD8F /* LaunchScreen.storyboard */ = {
			isa = PBXVariantGroup;
			children = (
				ED5C8A15298BE44F0060AD8F /* Base */,
			);
			name = LaunchScreen.storyboard;
			sourceTree = "<group>";
		};
/* End PBXVariantGroup section */

/* Begin XCBuildConfiguration section */
		ED5C8A18298BE44F0060AD8F /* Debug */ = {
			isa = XCBuildConfiguration;
			buildSettings = {
				ALWAYS_SEARCH_USER_PATHS = NO;
				CLANG_ANALYZER_NONNULL = YES;
				CLANG_ANALYZER_NUMBER_OBJECT_CONVERSION = YES_AGGRESSIVE;
				CLANG_CXX_LANGUAGE_STANDARD = "gnu++20";
				CLANG_ENABLE_MODULES = YES;
				CLANG_ENABLE_OBJC_ARC = YES;
				CLANG_ENABLE_OBJC_WEAK = YES;
				CLANG_WARN_BLOCK_CAPTURE_AUTORELEASING = YES;
				CLANG_WARN_BOOL_CONVERSION = YES;
				CLANG_WARN_COMMA = YES;
				CLANG_WARN_CONSTANT_CONVERSION = YES;
				CLANG_WARN_DEPRECATED_OBJC_IMPLEMENTATIONS = YES;
				CLANG_WARN_DIRECT_OBJC_ISA_USAGE = YES_ERROR;
				CLANG_WARN_DOCUMENTATION_COMMENTS = YES;
				CLANG_WARN_EMPTY_BODY = YES;
				CLANG_WARN_ENUM_CONVERSION = YES;
				CLANG_WARN_INFINITE_RECURSION = YES;
				CLANG_WARN_INT_CONVERSION = YES;
				CLANG_WARN_NON_LITERAL_NULL_CONVERSION = YES;
				CLANG_WARN_OBJC_IMPLICIT_RETAIN_SELF = YES;
				CLANG_WARN_OBJC_LITERAL_CONVERSION = YES;
				CLANG_WARN_OBJC_ROOT_CLASS = YES_ERROR;
				CLANG_WARN_QUOTED_INCLUDE_IN_FRAMEWORK_HEADER = YES;
				CLANG_WARN_RANGE_LOOP_ANALYSIS = YES;
				CLANG_WARN_STRICT_PROTOTYPES = YES;
				CLANG_WARN_SUSPICIOUS_MOVE = YES;
				CLANG_WARN_UNGUARDED_AVAILABILITY = YES_AGGRESSIVE;
				CLANG_WARN_UNREACHABLE_CODE = YES;
				CLANG_WARN__DUPLICATE_METHOD_MATCH = YES;
				COPY_PHASE_STRIP = NO;
				DEBUG_INFORMATION_FORMAT = dwarf;
				ENABLE_STRICT_OBJC_MSGSEND = YES;
				ENABLE_TESTABILITY = YES;
				GCC_C_LANGUAGE_STANDARD = gnu11;
				GCC_DYNAMIC_NO_PIC = NO;
				GCC_NO_COMMON_BLOCKS = YES;
				GCC_OPTIMIZATION_LEVEL = 0;
				GCC_PREPROCESSOR_DEFINITIONS = (
					"DEBUG=1",
					"$(inherited)",
				);
				GCC_WARN_64_TO_32_BIT_CONVERSION = YES;
				GCC_WARN_ABOUT_RETURN_TYPE = YES_ERROR;
				GCC_WARN_UNDECLARED_SELECTOR = YES;
				GCC_WARN_UNINITIALIZED_AUTOS = YES_AGGRESSIVE;
				GCC_WARN_UNUSED_FUNCTION = YES;
				GCC_WARN_UNUSED_VARIABLE = YES;
				IPHONEOS_DEPLOYMENT_TARGET = 16.2;
				MTL_ENABLE_DEBUG_INFO = INCLUDE_SOURCE;
				MTL_FAST_MATH = YES;
				ONLY_ACTIVE_ARCH = YES;
				SDKROOT = iphoneos;
				SWIFT_ACTIVE_COMPILATION_CONDITIONS = DEBUG;
				SWIFT_OPTIMIZATION_LEVEL = "-Onone";
			};
			name = Debug;
		};
		ED5C8A19298BE44F0060AD8F /* Release */ = {
			isa = XCBuildConfiguration;
			buildSettings = {
				ALWAYS_SEARCH_USER_PATHS = NO;
				CLANG_ANALYZER_NONNULL = YES;
				CLANG_ANALYZER_NUMBER_OBJECT_CONVERSION = YES_AGGRESSIVE;
				CLANG_CXX_LANGUAGE_STANDARD = "gnu++20";
				CLANG_ENABLE_MODULES = YES;
				CLANG_ENABLE_OBJC_ARC = YES;
				CLANG_ENABLE_OBJC_WEAK = YES;
				CLANG_WARN_BLOCK_CAPTURE_AUTORELEASING = YES;
				CLANG_WARN_BOOL_CONVERSION = YES;
				CLANG_WARN_COMMA = YES;
				CLANG_WARN_CONSTANT_CONVERSION = YES;
				CLANG_WARN_DEPRECATED_OBJC_IMPLEMENTATIONS = YES;
				CLANG_WARN_DIRECT_OBJC_ISA_USAGE = YES_ERROR;
				CLANG_WARN_DOCUMENTATION_COMMENTS = YES;
				CLANG_WARN_EMPTY_BODY = YES;
				CLANG_WARN_ENUM_CONVERSION = YES;
				CLANG_WARN_INFINITE_RECURSION = YES;
				CLANG_WARN_INT_CONVERSION = YES;
				CLANG_WARN_NON_LITERAL_NULL_CONVERSION = YES;
				CLANG_WARN_OBJC_IMPLICIT_RETAIN_SELF = YES;
				CLANG_WARN_OBJC_LITERAL_CONVERSION = YES;
				CLANG_WARN_OBJC_ROOT_CLASS = YES_ERROR;
				CLANG_WARN_QUOTED_INCLUDE_IN_FRAMEWORK_HEADER = YES;
				CLANG_WARN_RANGE_LOOP_ANALYSIS = YES;
				CLANG_WARN_STRICT_PROTOTYPES = YES;
				CLANG_WARN_SUSPICIOUS_MOVE = YES;
				CLANG_WARN_UNGUARDED_AVAILABILITY = YES_AGGRESSIVE;
				CLANG_WARN_UNREACHABLE_CODE = YES;
				CLANG_WARN__DUPLICATE_METHOD_MATCH = YES;
				COPY_PHASE_STRIP = NO;
				DEBUG_INFORMATION_FORMAT = "dwarf-with-dsym";
				ENABLE_NS_ASSERTIONS = NO;
				ENABLE_STRICT_OBJC_MSGSEND = YES;
				GCC_C_LANGUAGE_STANDARD = gnu11;
				GCC_NO_COMMON_BLOCKS = YES;
				GCC_WARN_64_TO_32_BIT_CONVERSION = YES;
				GCC_WARN_ABOUT_RETURN_TYPE = YES_ERROR;
				GCC_WARN_UNDECLARED_SELECTOR = YES;
				GCC_WARN_UNINITIALIZED_AUTOS = YES_AGGRESSIVE;
				GCC_WARN_UNUSED_FUNCTION = YES;
				GCC_WARN_UNUSED_VARIABLE = YES;
				IPHONEOS_DEPLOYMENT_TARGET = 16.2;
				MTL_ENABLE_DEBUG_INFO = NO;
				MTL_FAST_MATH = YES;
				SDKROOT = iphoneos;
				SWIFT_COMPILATION_MODE = wholemodule;
				SWIFT_OPTIMIZATION_LEVEL = "-O";
				VALIDATE_PRODUCT = YES;
			};
			name = Release;
		};
		ED5C8A1B298BE44F0060AD8F /* Debug */ = {
			isa = XCBuildConfiguration;
			buildSettings = {
				ASSETCATALOG_COMPILER_APPICON_NAME = AppIcon;
				ASSETCATALOG_COMPILER_GLOBAL_ACCENT_COLOR_NAME = AccentColor;
				CODE_SIGN_STYLE = Automatic;
				CURRENT_PROJECT_VERSION = 1;
				DEVELOPMENT_TEAM = 2Y48Z77HM3;
				GENERATE_INFOPLIST_FILE = YES;
				INFOPLIST_FILE = Projeto5/Info.plist;
				INFOPLIST_KEY_UIApplicationSupportsIndirectInputEvents = YES;
				INFOPLIST_KEY_UILaunchStoryboardName = LaunchScreen;
				INFOPLIST_KEY_UIMainStoryboardFile = Main;
				INFOPLIST_KEY_UISupportedInterfaceOrientations_iPad = "UIInterfaceOrientationPortrait UIInterfaceOrientationPortraitUpsideDown UIInterfaceOrientationLandscapeLeft UIInterfaceOrientationLandscapeRight";
				INFOPLIST_KEY_UISupportedInterfaceOrientations_iPhone = "UIInterfaceOrientationPortrait UIInterfaceOrientationLandscapeLeft UIInterfaceOrientationLandscapeRight";
				LD_RUNPATH_SEARCH_PATHS = (
					"$(inherited)",
					"@executable_path/Frameworks",
				);
				MARKETING_VERSION = 1.0;
				PRODUCT_BUNDLE_IDENTIFIER = com.example.Projeto5;
				PRODUCT_NAME = "$(TARGET_NAME)";
				SWIFT_EMIT_LOC_STRINGS = YES;
				SWIFT_VERSION = 5.0;
				TARGETED_DEVICE_FAMILY = "1,2";
			};
			name = Debug;
		};
		ED5C8A1C298BE44F0060AD8F /* Release */ = {
			isa = XCBuildConfiguration;
			buildSettings = {
				ASSETCATALOG_COMPILER_APPICON_NAME = AppIcon;
				ASSETCATALOG_COMPILER_GLOBAL_ACCENT_COLOR_NAME = AccentColor;
				CODE_SIGN_STYLE = Automatic;
				CURRENT_PROJECT_VERSION = 1;
				DEVELOPMENT_TEAM = 2Y48Z77HM3;
				GENERATE_INFOPLIST_FILE = YES;
				INFOPLIST_FILE = Projeto5/Info.plist;
				INFOPLIST_KEY_UIApplicationSupportsIndirectInputEvents = YES;
				INFOPLIST_KEY_UILaunchStoryboardName = LaunchScreen;
				INFOPLIST_KEY_UIMainStoryboardFile = Main;
				INFOPLIST_KEY_UISupportedInterfaceOrientations_iPad = "UIInterfaceOrientationPortrait UIInterfaceOrientationPortraitUpsideDown UIInterfaceOrientationLandscapeLeft UIInterfaceOrientationLandscapeRight";
				INFOPLIST_KEY_UISupportedInterfaceOrientations_iPhone = "UIInterfaceOrientationPortrait UIInterfaceOrientationLandscapeLeft UIInterfaceOrientationLandscapeRight";
				LD_RUNPATH_SEARCH_PATHS = (
					"$(inherited)",
					"@executable_path/Frameworks",
				);
				MARKETING_VERSION = 1.0;
				PRODUCT_BUNDLE_IDENTIFIER = com.example.Projeto5;
				PRODUCT_NAME = "$(TARGET_NAME)";
				SWIFT_EMIT_LOC_STRINGS = YES;
				SWIFT_VERSION = 5.0;
				TARGETED_DEVICE_FAMILY = "1,2";
			};
			name = Release;
		};
/* End XCBuildConfiguration section */

/* Begin XCConfigurationList section */
		ED5C8A01298BE44E0060AD8F /* Build configuration list for PBXProject "Projeto5" */ = {
			isa = XCConfigurationList;
			buildConfigurations = (
				ED5C8A18298BE44F0060AD8F /* Debug */,
				ED5C8A19298BE44F0060AD8F /* Release */,
			);
			defaultConfigurationIsVisible = 0;
			defaultConfigurationName = Release;
		};
		ED5C8A1A298BE44F0060AD8F /* Build configuration list for PBXNativeTarget "Projeto5" */ = {
			isa = XCConfigurationList;
			buildConfigurations = (
				ED5C8A1B298BE44F0060AD8F /* Debug */,
				ED5C8A1C298BE44F0060AD8F /* Release */,
			);
			defaultConfigurationIsVisible = 0;
			defaultConfigurationName = Release;
		};
/* End XCConfigurationList section */
	};
	rootObject = ED5C89FE298BE44E0060AD8F /* Project object */;
}
