// !$*UTF8*$!
{
	archiveVersion = 1;
	classes = {
	};
	objectVersion = 55;
	objects = {

/* Begin PBXBuildFile section */
		ED065AA228471FB80037D07E /* AppDelegate.swift in Sources */ = {isa = PBXBuildFile; fileRef = ED065AA128471FB80037D07E /* AppDelegate.swift */; };
		ED065AA428471FB80037D07E /* SceneDelegate.swift in Sources */ = {isa = PBXBuildFile; fileRef = ED065AA328471FB80037D07E /* SceneDelegate.swift */; };
		ED065AA628471FB80037D07E /* ViewController.swift in Sources */ = {isa = PBXBuildFile; fileRef = ED065AA528471FB80037D07E /* ViewController.swift */; };
		ED065AA928471FB80037D07E /* Main.storyboard in Resources */ = {isa = PBXBuildFile; fileRef = ED065AA728471FB80037D07E /* Main.storyboard */; };
		ED065AAB28471FBA0037D07E /* Assets.xcassets in Resources */ = {isa = PBXBuildFile; fileRef = ED065AAA28471FBA0037D07E /* Assets.xcassets */; };
		ED065AAE28471FBA0037D07E /* LaunchScreen.storyboard in Resources */ = {isa = PBXBuildFile; fileRef = ED065AAC28471FBA0037D07E /* LaunchScreen.storyboard */; };
		EDFDFA8D2857BF2400934329 /* nsslpoland@3x.png in Resources */ = {isa = PBXBuildFile; fileRef = EDFDFA6A2857BF2400934329 /* nsslpoland@3x.png */; };
		EDFDFA8E2857BF2400934329 /* nsslpoland@2x.png in Resources */ = {isa = PBXBuildFile; fileRef = EDFDFA6B2857BF2400934329 /* nsslpoland@2x.png */; };
		EDFDFA8F2857BF2400934329 /* nsslmonaco@3x.png in Resources */ = {isa = PBXBuildFile; fileRef = EDFDFA6D2857BF2400934329 /* nsslmonaco@3x.png */; };
		EDFDFA902857BF2400934329 /* nsslmonaco@2x.png in Resources */ = {isa = PBXBuildFile; fileRef = EDFDFA6E2857BF2400934329 /* nsslmonaco@2x.png */; };
		EDFDFA912857BF2400934329 /* nsslnigeria@3x.png in Resources */ = {isa = PBXBuildFile; fileRef = EDFDFA702857BF2400934329 /* nsslnigeria@3x.png */; };
		EDFDFA922857BF2400934329 /* nsslnigeria@2x.png in Resources */ = {isa = PBXBuildFile; fileRef = EDFDFA712857BF2400934329 /* nsslnigeria@2x.png */; };
		EDFDFA932857BF2400934329 /* nsslrussia@3x.png in Resources */ = {isa = PBXBuildFile; fileRef = EDFDFA732857BF2400934329 /* nsslrussia@3x.png */; };
		EDFDFA942857BF2400934329 /* nsslrussia@2x.png in Resources */ = {isa = PBXBuildFile; fileRef = EDFDFA742857BF2400934329 /* nsslrussia@2x.png */; };
		EDFDFA952857BF2400934329 /* nsslgermany@2x.png in Resources */ = {isa = PBXBuildFile; fileRef = EDFDFA762857BF2400934329 /* nsslgermany@2x.png */; };
		EDFDFA962857BF2400934329 /* nsslgermany@3x.png in Resources */ = {isa = PBXBuildFile; fileRef = EDFDFA772857BF2400934329 /* nsslgermany@3x.png */; };
		EDFDFA972857BF2400934329 /* nssluk@2x.png in Resources */ = {isa = PBXBuildFile; fileRef = EDFDFA792857BF2400934329 /* nssluk@2x.png */; };
		EDFDFA982857BF2400934329 /* nssluk@3x.png in Resources */ = {isa = PBXBuildFile; fileRef = EDFDFA7A2857BF2400934329 /* nssluk@3x.png */; };
		EDFDFA992857BF2400934329 /* nsslus@2x.png in Resources */ = {isa = PBXBuildFile; fileRef = EDFDFA7C2857BF2400934329 /* nsslus@2x.png */; };
		EDFDFA9A2857BF2400934329 /* nsslus@3x.png in Resources */ = {isa = PBXBuildFile; fileRef = EDFDFA7D2857BF2400934329 /* nsslus@3x.png */; };
		EDFDFA9B2857BF2400934329 /* nsslireland@3x.png in Resources */ = {isa = PBXBuildFile; fileRef = EDFDFA7F2857BF2400934329 /* nsslireland@3x.png */; };
		EDFDFA9C2857BF2400934329 /* nsslireland@2x.png in Resources */ = {isa = PBXBuildFile; fileRef = EDFDFA802857BF2400934329 /* nsslireland@2x.png */; };
		EDFDFA9D2857BF2400934329 /* nsslfrance@2x.png in Resources */ = {isa = PBXBuildFile; fileRef = EDFDFA822857BF2400934329 /* nsslfrance@2x.png */; };
		EDFDFA9E2857BF2400934329 /* nsslfrance@3x.png in Resources */ = {isa = PBXBuildFile; fileRef = EDFDFA832857BF2400934329 /* nsslfrance@3x.png */; };
		EDFDFA9F2857BF2400934329 /* nsslspain@3x.png in Resources */ = {isa = PBXBuildFile; fileRef = EDFDFA852857BF2400934329 /* nsslspain@3x.png */; };
		EDFDFAA02857BF2400934329 /* nsslspain@2x.png in Resources */ = {isa = PBXBuildFile; fileRef = EDFDFA862857BF2400934329 /* nsslspain@2x.png */; };
		EDFDFAA12857BF2400934329 /* nsslestonia@3x.png in Resources */ = {isa = PBXBuildFile; fileRef = EDFDFA882857BF2400934329 /* nsslestonia@3x.png */; };
		EDFDFAA22857BF2400934329 /* nsslestonia@2x.png in Resources */ = {isa = PBXBuildFile; fileRef = EDFDFA892857BF2400934329 /* nsslestonia@2x.png */; };
		EDFDFAA32857BF2400934329 /* nsslitaly@2x.png in Resources */ = {isa = PBXBuildFile; fileRef = EDFDFA8B2857BF2400934329 /* nsslitaly@2x.png */; };
		EDFDFAA42857BF2400934329 /* nsslitaly@3x.png in Resources */ = {isa = PBXBuildFile; fileRef = EDFDFA8C2857BF2400934329 /* nsslitaly@3x.png */; };
		EDFDFAA62857C73400934329 /* DetailViewController.swift in Sources */ = {isa = PBXBuildFile; fileRef = EDFDFAA52857C73400934329 /* DetailViewController.swift */; };
/* End PBXBuildFile section */

/* Begin PBXFileReference section */
		ED065A9E28471FB80037D07E /* Desafio1.app */ = {isa = PBXFileReference; explicitFileType = wrapper.application; includeInIndex = 0; path = Desafio1.app; sourceTree = BUILT_PRODUCTS_DIR; };
		ED065AA128471FB80037D07E /* AppDelegate.swift */ = {isa = PBXFileReference; lastKnownFileType = sourcecode.swift; path = AppDelegate.swift; sourceTree = "<group>"; };
		ED065AA328471FB80037D07E /* SceneDelegate.swift */ = {isa = PBXFileReference; lastKnownFileType = sourcecode.swift; path = SceneDelegate.swift; sourceTree = "<group>"; };
		ED065AA528471FB80037D07E /* ViewController.swift */ = {isa = PBXFileReference; lastKnownFileType = sourcecode.swift; path = ViewController.swift; sourceTree = "<group>"; };
		ED065AA828471FB80037D07E /* Base */ = {isa = PBXFileReference; lastKnownFileType = file.storyboard; name = Base; path = Base.lproj/Main.storyboard; sourceTree = "<group>"; };
		ED065AAA28471FBA0037D07E /* Assets.xcassets */ = {isa = PBXFileReference; lastKnownFileType = folder.assetcatalog; path = Assets.xcassets; sourceTree = "<group>"; };
		ED065AAD28471FBA0037D07E /* Base */ = {isa = PBXFileReference; lastKnownFileType = file.storyboard; name = Base; path = Base.lproj/LaunchScreen.storyboard; sourceTree = "<group>"; };
		ED065AAF28471FBA0037D07E /* Info.plist */ = {isa = PBXFileReference; lastKnownFileType = text.plist.xml; path = Info.plist; sourceTree = "<group>"; };
		EDFDFA6A2857BF2400934329 /* nsslpoland@3x.png */ = {isa = PBXFileReference; lastKnownFileType = image.png; path = "nsslpoland@3x.png"; sourceTree = "<group>"; };
		EDFDFA6B2857BF2400934329 /* nsslpoland@2x.png */ = {isa = PBXFileReference; lastKnownFileType = image.png; path = "nsslpoland@2x.png"; sourceTree = "<group>"; };
		EDFDFA6D2857BF2400934329 /* nsslmonaco@3x.png */ = {isa = PBXFileReference; lastKnownFileType = image.png; path = "nsslmonaco@3x.png"; sourceTree = "<group>"; };
		EDFDFA6E2857BF2400934329 /* nsslmonaco@2x.png */ = {isa = PBXFileReference; lastKnownFileType = image.png; path = "nsslmonaco@2x.png"; sourceTree = "<group>"; };
		EDFDFA702857BF2400934329 /* nsslnigeria@3x.png */ = {isa = PBXFileReference; lastKnownFileType = image.png; path = "nsslnigeria@3x.png"; sourceTree = "<group>"; };
		EDFDFA712857BF2400934329 /* nsslnigeria@2x.png */ = {isa = PBXFileReference; lastKnownFileType = image.png; path = "nsslnigeria@2x.png"; sourceTree = "<group>"; };
		EDFDFA732857BF2400934329 /* nsslrussia@3x.png */ = {isa = PBXFileReference; lastKnownFileType = image.png; path = "nsslrussia@3x.png"; sourceTree = "<group>"; };
		EDFDFA742857BF2400934329 /* nsslrussia@2x.png */ = {isa = PBXFileReference; lastKnownFileType = image.png; path = "nsslrussia@2x.png"; sourceTree = "<group>"; };
		EDFDFA762857BF2400934329 /* nsslgermany@2x.png */ = {isa = PBXFileReference; lastKnownFileType = image.png; path = "nsslgermany@2x.png"; sourceTree = "<group>"; };
		EDFDFA772857BF2400934329 /* nsslgermany@3x.png */ = {isa = PBXFileReference; lastKnownFileType = image.png; path = "nsslgermany@3x.png"; sourceTree = "<group>"; };
		EDFDFA792857BF2400934329 /* nssluk@2x.png */ = {isa = PBXFileReference; lastKnownFileType = image.png; path = "nssluk@2x.png"; sourceTree = "<group>"; };
		EDFDFA7A2857BF2400934329 /* nssluk@3x.png */ = {isa = PBXFileReference; lastKnownFileType = image.png; path = "nssluk@3x.png"; sourceTree = "<group>"; };
		EDFDFA7C2857BF2400934329 /* nsslus@2x.png */ = {isa = PBXFileReference; lastKnownFileType = image.png; path = "nsslus@2x.png"; sourceTree = "<group>"; };
		EDFDFA7D2857BF2400934329 /* nsslus@3x.png */ = {isa = PBXFileReference; lastKnownFileType = image.png; path = "nsslus@3x.png"; sourceTree = "<group>"; };
		EDFDFA7F2857BF2400934329 /* nsslireland@3x.png */ = {isa = PBXFileReference; lastKnownFileType = image.png; path = "nsslireland@3x.png"; sourceTree = "<group>"; };
		EDFDFA802857BF2400934329 /* nsslireland@2x.png */ = {isa = PBXFileReference; lastKnownFileType = image.png; path = "nsslireland@2x.png"; sourceTree = "<group>"; };
		EDFDFA822857BF2400934329 /* nsslfrance@2x.png */ = {isa = PBXFileReference; lastKnownFileType = image.png; path = "nsslfrance@2x.png"; sourceTree = "<group>"; };
		EDFDFA832857BF2400934329 /* nsslfrance@3x.png */ = {isa = PBXFileReference; lastKnownFileType = image.png; path = "nsslfrance@3x.png"; sourceTree = "<group>"; };
		EDFDFA852857BF2400934329 /* nsslspain@3x.png */ = {isa = PBXFileReference; lastKnownFileType = image.png; path = "nsslspain@3x.png"; sourceTree = "<group>"; };
		EDFDFA862857BF2400934329 /* nsslspain@2x.png */ = {isa = PBXFileReference; lastKnownFileType = image.png; path = "nsslspain@2x.png"; sourceTree = "<group>"; };
		EDFDFA882857BF2400934329 /* nsslestonia@3x.png */ = {isa = PBXFileReference; lastKnownFileType = image.png; path = "nsslestonia@3x.png"; sourceTree = "<group>"; };
		EDFDFA892857BF2400934329 /* nsslestonia@2x.png */ = {isa = PBXFileReference; lastKnownFileType = image.png; path = "nsslestonia@2x.png"; sourceTree = "<group>"; };
		EDFDFA8B2857BF2400934329 /* nsslitaly@2x.png */ = {isa = PBXFileReference; lastKnownFileType = image.png; path = "nsslitaly@2x.png"; sourceTree = "<group>"; };
		EDFDFA8C2857BF2400934329 /* nsslitaly@3x.png */ = {isa = PBXFileReference; lastKnownFileType = image.png; path = "nsslitaly@3x.png"; sourceTree = "<group>"; };
		EDFDFAA52857C73400934329 /* DetailViewController.swift */ = {isa = PBXFileReference; lastKnownFileType = sourcecode.swift; path = DetailViewController.swift; sourceTree = "<group>"; };
/* End PBXFileReference section */

/* Begin PBXFrameworksBuildPhase section */
		ED065A9B28471FB80037D07E /* Frameworks */ = {
			isa = PBXFrameworksBuildPhase;
			buildActionMask = 2147483647;
			files = (
			);
			runOnlyForDeploymentPostprocessing = 0;
		};
/* End PBXFrameworksBuildPhase section */

/* Begin PBXGroup section */
		ED065A9528471FB80037D07E = {
			isa = PBXGroup;
			children = (
				ED065AA028471FB80037D07E /* Desafio1 */,
				EDFDFA872857BF2400934329 /* estonia.imageset */,
				EDFDFA812857BF2400934329 /* france.imageset */,
				EDFDFA752857BF2400934329 /* germany.imageset */,
				EDFDFA7E2857BF2400934329 /* ireland.imageset */,
				EDFDFA8A2857BF2400934329 /* italy.imageset */,
				EDFDFA6C2857BF2400934329 /* monaco.imageset */,
				EDFDFA6F2857BF2400934329 /* nigeria.imageset */,
				EDFDFA692857BF2400934329 /* poland.imageset */,
				EDFDFA722857BF2400934329 /* russia.imageset */,
				EDFDFA842857BF2400934329 /* spain.imageset */,
				EDFDFA782857BF2400934329 /* uk.imageset */,
				EDFDFA7B2857BF2400934329 /* us.imageset */,
				ED065A9F28471FB80037D07E /* Products */,
			);
			sourceTree = "<group>";
		};
		ED065A9F28471FB80037D07E /* Products */ = {
			isa = PBXGroup;
			children = (
				ED065A9E28471FB80037D07E /* Desafio1.app */,
			);
			name = Products;
			sourceTree = "<group>";
		};
		ED065AA028471FB80037D07E /* Desafio1 */ = {
			isa = PBXGroup;
			children = (
				ED065AA128471FB80037D07E /* AppDelegate.swift */,
				ED065AA328471FB80037D07E /* SceneDelegate.swift */,
				ED065AA528471FB80037D07E /* ViewController.swift */,
				EDFDFAA52857C73400934329 /* DetailViewController.swift */,
				ED065AA728471FB80037D07E /* Main.storyboard */,
				ED065AAA28471FBA0037D07E /* Assets.xcassets */,
				ED065AAC28471FBA0037D07E /* LaunchScreen.storyboard */,
				ED065AAF28471FBA0037D07E /* Info.plist */,
			);
			path = Desafio1;
			sourceTree = "<group>";
		};
		EDFDFA692857BF2400934329 /* poland.imageset */ = {
			isa = PBXGroup;
			children = (
				EDFDFA6A2857BF2400934329 /* nsslpoland@3x.png */,
				EDFDFA6B2857BF2400934329 /* nsslpoland@2x.png */,
			);
			name = poland.imageset;
			path = ../Project2/Project2/Assets.xcassets/poland.imageset;
			sourceTree = "<group>";
		};
		EDFDFA6C2857BF2400934329 /* monaco.imageset */ = {
			isa = PBXGroup;
			children = (
				EDFDFA6D2857BF2400934329 /* nsslmonaco@3x.png */,
				EDFDFA6E2857BF2400934329 /* nsslmonaco@2x.png */,
			);
			name = monaco.imageset;
			path = ../Project2/Project2/Assets.xcassets/monaco.imageset;
			sourceTree = "<group>";
		};
		EDFDFA6F2857BF2400934329 /* nigeria.imageset */ = {
			isa = PBXGroup;
			children = (
				EDFDFA702857BF2400934329 /* nsslnigeria@3x.png */,
				EDFDFA712857BF2400934329 /* nsslnigeria@2x.png */,
			);
			name = nigeria.imageset;
			path = ../Project2/Project2/Assets.xcassets/nigeria.imageset;
			sourceTree = "<group>";
		};
		EDFDFA722857BF2400934329 /* russia.imageset */ = {
			isa = PBXGroup;
			children = (
				EDFDFA732857BF2400934329 /* nsslrussia@3x.png */,
				EDFDFA742857BF2400934329 /* nsslrussia@2x.png */,
			);
			name = russia.imageset;
			path = ../Project2/Project2/Assets.xcassets/russia.imageset;
			sourceTree = "<group>";
		};
		EDFDFA752857BF2400934329 /* germany.imageset */ = {
			isa = PBXGroup;
			children = (
				EDFDFA762857BF2400934329 /* nsslgermany@2x.png */,
				EDFDFA772857BF2400934329 /* nsslgermany@3x.png */,
			);
			name = germany.imageset;
			path = ../Project2/Project2/Assets.xcassets/germany.imageset;
			sourceTree = "<group>";
		};
		EDFDFA782857BF2400934329 /* uk.imageset */ = {
			isa = PBXGroup;
			children = (
				EDFDFA792857BF2400934329 /* nssluk@2x.png */,
				EDFDFA7A2857BF2400934329 /* nssluk@3x.png */,
			);
			name = uk.imageset;
			path = ../Project2/Project2/Assets.xcassets/uk.imageset;
			sourceTree = "<group>";
		};
		EDFDFA7B2857BF2400934329 /* us.imageset */ = {
			isa = PBXGroup;
			children = (
				EDFDFA7C2857BF2400934329 /* nsslus@2x.png */,
				EDFDFA7D2857BF2400934329 /* nsslus@3x.png */,
			);
			name = us.imageset;
			path = ../Project2/Project2/Assets.xcassets/us.imageset;
			sourceTree = "<group>";
		};
		EDFDFA7E2857BF2400934329 /* ireland.imageset */ = {
			isa = PBXGroup;
			children = (
				EDFDFA7F2857BF2400934329 /* nsslireland@3x.png */,
				EDFDFA802857BF2400934329 /* nsslireland@2x.png */,
			);
			name = ireland.imageset;
			path = ../Project2/Project2/Assets.xcassets/ireland.imageset;
			sourceTree = "<group>";
		};
		EDFDFA812857BF2400934329 /* france.imageset */ = {
			isa = PBXGroup;
			children = (
				EDFDFA822857BF2400934329 /* nsslfrance@2x.png */,
				EDFDFA832857BF2400934329 /* nsslfrance@3x.png */,
			);
			name = france.imageset;
			path = ../Project2/Project2/Assets.xcassets/france.imageset;
			sourceTree = "<group>";
		};
		EDFDFA842857BF2400934329 /* spain.imageset */ = {
			isa = PBXGroup;
			children = (
				EDFDFA852857BF2400934329 /* nsslspain@3x.png */,
				EDFDFA862857BF2400934329 /* nsslspain@2x.png */,
			);
			name = spain.imageset;
			path = ../Project2/Project2/Assets.xcassets/spain.imageset;
			sourceTree = "<group>";
		};
		EDFDFA872857BF2400934329 /* estonia.imageset */ = {
			isa = PBXGroup;
			children = (
				EDFDFA882857BF2400934329 /* nsslestonia@3x.png */,
				EDFDFA892857BF2400934329 /* nsslestonia@2x.png */,
			);
			name = estonia.imageset;
			path = ../Project2/Project2/Assets.xcassets/estonia.imageset;
			sourceTree = "<group>";
		};
		EDFDFA8A2857BF2400934329 /* italy.imageset */ = {
			isa = PBXGroup;
			children = (
				EDFDFA8B2857BF2400934329 /* nsslitaly@2x.png */,
				EDFDFA8C2857BF2400934329 /* nsslitaly@3x.png */,
			);
			name = italy.imageset;
			path = ../Project2/Project2/Assets.xcassets/italy.imageset;
			sourceTree = "<group>";
		};
/* End PBXGroup section */

/* Begin PBXNativeTarget section */
		ED065A9D28471FB80037D07E /* Desafio1 */ = {
			isa = PBXNativeTarget;
			buildConfigurationList = ED065AB228471FBA0037D07E /* Build configuration list for PBXNativeTarget "Desafio1" */;
			buildPhases = (
				ED065A9A28471FB80037D07E /* Sources */,
				ED065A9B28471FB80037D07E /* Frameworks */,
				ED065A9C28471FB80037D07E /* Resources */,
			);
			buildRules = (
			);
			dependencies = (
			);
			name = Desafio1;
			productName = Desafio1;
			productReference = ED065A9E28471FB80037D07E /* Desafio1.app */;
			productType = "com.apple.product-type.application";
		};
/* End PBXNativeTarget section */

/* Begin PBXProject section */
		ED065A9628471FB80037D07E /* Project object */ = {
			isa = PBXProject;
			attributes = {
				BuildIndependentTargetsInParallel = 1;
				LastSwiftUpdateCheck = 1340;
				LastUpgradeCheck = 1340;
				TargetAttributes = {
					ED065A9D28471FB80037D07E = {
						CreatedOnToolsVersion = 13.4;
					};
				};
			};
			buildConfigurationList = ED065A9928471FB80037D07E /* Build configuration list for PBXProject "Desafio1" */;
			compatibilityVersion = "Xcode 13.0";
			developmentRegion = en;
			hasScannedForEncodings = 0;
			knownRegions = (
				en,
				Base,
			);
			mainGroup = ED065A9528471FB80037D07E;
			productRefGroup = ED065A9F28471FB80037D07E /* Products */;
			projectDirPath = "";
			projectRoot = "";
			targets = (
				ED065A9D28471FB80037D07E /* Desafio1 */,
			);
		};
/* End PBXProject section */

/* Begin PBXResourcesBuildPhase section */
		ED065A9C28471FB80037D07E /* Resources */ = {
			isa = PBXResourcesBuildPhase;
			buildActionMask = 2147483647;
			files = (
				ED065AAE28471FBA0037D07E /* LaunchScreen.storyboard in Resources */,
				EDFDFA9D2857BF2400934329 /* nsslfrance@2x.png in Resources */,
				EDFDFAA32857BF2400934329 /* nsslitaly@2x.png in Resources */,
				EDFDFA902857BF2400934329 /* nsslmonaco@2x.png in Resources */,
				EDFDFA992857BF2400934329 /* nsslus@2x.png in Resources */,
				EDFDFA962857BF2400934329 /* nsslgermany@3x.png in Resources */,
				EDFDFA9E2857BF2400934329 /* nsslfrance@3x.png in Resources */,
				EDFDFA922857BF2400934329 /* nsslnigeria@2x.png in Resources */,
				EDFDFA942857BF2400934329 /* nsslrussia@2x.png in Resources */,
				EDFDFA8D2857BF2400934329 /* nsslpoland@3x.png in Resources */,
				EDFDFA8E2857BF2400934329 /* nsslpoland@2x.png in Resources */,
				EDFDFA952857BF2400934329 /* nsslgermany@2x.png in Resources */,
				EDFDFA9F2857BF2400934329 /* nsslspain@3x.png in Resources */,
				EDFDFA982857BF2400934329 /* nssluk@3x.png in Resources */,
				EDFDFA9A2857BF2400934329 /* nsslus@3x.png in Resources */,
				EDFDFA9C2857BF2400934329 /* nsslireland@2x.png in Resources */,
				EDFDFA972857BF2400934329 /* nssluk@2x.png in Resources */,
				ED065AAB28471FBA0037D07E /* Assets.xcassets in Resources */,
				EDFDFAA22857BF2400934329 /* nsslestonia@2x.png in Resources */,
				EDFDFA8F2857BF2400934329 /* nsslmonaco@3x.png in Resources */,
				ED065AA928471FB80037D07E /* Main.storyboard in Resources */,
				EDFDFAA12857BF2400934329 /* nsslestonia@3x.png in Resources */,
				EDFDFA932857BF2400934329 /* nsslrussia@3x.png in Resources */,
				EDFDFA912857BF2400934329 /* nsslnigeria@3x.png in Resources */,
				EDFDFAA42857BF2400934329 /* nsslitaly@3x.png in Resources */,
				EDFDFA9B2857BF2400934329 /* nsslireland@3x.png in Resources */,
				EDFDFAA02857BF2400934329 /* nsslspain@2x.png in Resources */,
			);
			runOnlyForDeploymentPostprocessing = 0;
		};
/* End PBXResourcesBuildPhase section */

/* Begin PBXSourcesBuildPhase section */
		ED065A9A28471FB80037D07E /* Sources */ = {
			isa = PBXSourcesBuildPhase;
			buildActionMask = 2147483647;
			files = (
				ED065AA628471FB80037D07E /* ViewController.swift in Sources */,
				ED065AA228471FB80037D07E /* AppDelegate.swift in Sources */,
				ED065AA428471FB80037D07E /* SceneDelegate.swift in Sources */,
				EDFDFAA62857C73400934329 /* DetailViewController.swift in Sources */,
			);
			runOnlyForDeploymentPostprocessing = 0;
		};
/* End PBXSourcesBuildPhase section */

/* Begin PBXVariantGroup section */
		ED065AA728471FB80037D07E /* Main.storyboard */ = {
			isa = PBXVariantGroup;
			children = (
				ED065AA828471FB80037D07E /* Base */,
			);
			name = Main.storyboard;
			sourceTree = "<group>";
		};
		ED065AAC28471FBA0037D07E /* LaunchScreen.storyboard */ = {
			isa = PBXVariantGroup;
			children = (
				ED065AAD28471FBA0037D07E /* Base */,
			);
			name = LaunchScreen.storyboard;
			sourceTree = "<group>";
		};
/* End PBXVariantGroup section */

/* Begin XCBuildConfiguration section */
		ED065AB028471FBA0037D07E /* Debug */ = {
			isa = XCBuildConfiguration;
			buildSettings = {
				ALWAYS_SEARCH_USER_PATHS = NO;
				CLANG_ANALYZER_NONNULL = YES;
				CLANG_ANALYZER_NUMBER_OBJECT_CONVERSION = YES_AGGRESSIVE;
				CLANG_CXX_LANGUAGE_STANDARD = "gnu++17";
				CLANG_ENABLE_MODULES = YES;
				CLANG_ENABLE_OBJC_ARC = YES;
				CLANG_ENABLE_OBJC_WEAK = YES;
				CLANG_WARN_BLOCK_CAPTURE_AUTORELEASING = YES;
				CLANG_WARN_BOOL_CONVERSION = YES;
				CLANG_WARN_COMMA = YES;
				CLANG_WARN_CONSTANT_CONVERSION = YES;
				CLANG_WARN_DEPRECATED_OBJC_IMPLEMENTATIONS = YES;
				CLANG_WARN_DIRECT_OBJC_ISA_USAGE = YES_ERROR;
				CLANG_WARN_DOCUMENTATION_COMMENTS = YES;
				CLANG_WARN_EMPTY_BODY = YES;
				CLANG_WARN_ENUM_CONVERSION = YES;
				CLANG_WARN_INFINITE_RECURSION = YES;
				CLANG_WARN_INT_CONVERSION = YES;
				CLANG_WARN_NON_LITERAL_NULL_CONVERSION = YES;
				CLANG_WARN_OBJC_IMPLICIT_RETAIN_SELF = YES;
				CLANG_WARN_OBJC_LITERAL_CONVERSION = YES;
				CLANG_WARN_OBJC_ROOT_CLASS = YES_ERROR;
				CLANG_WARN_QUOTED_INCLUDE_IN_FRAMEWORK_HEADER = YES;
				CLANG_WARN_RANGE_LOOP_ANALYSIS = YES;
				CLANG_WARN_STRICT_PROTOTYPES = YES;
				CLANG_WARN_SUSPICIOUS_MOVE = YES;
				CLANG_WARN_UNGUARDED_AVAILABILITY = YES_AGGRESSIVE;
				CLANG_WARN_UNREACHABLE_CODE = YES;
				CLANG_WARN__DUPLICATE_METHOD_MATCH = YES;
				COPY_PHASE_STRIP = NO;
				DEBUG_INFORMATION_FORMAT = dwarf;
				ENABLE_STRICT_OBJC_MSGSEND = YES;
				ENABLE_TESTABILITY = YES;
				GCC_C_LANGUAGE_STANDARD = gnu11;
				GCC_DYNAMIC_NO_PIC = NO;
				GCC_NO_COMMON_BLOCKS = YES;
				GCC_OPTIMIZATION_LEVEL = 0;
				GCC_PREPROCESSOR_DEFINITIONS = (
					"DEBUG=1",
					"$(inherited)",
				);
				GCC_WARN_64_TO_32_BIT_CONVERSION = YES;
				GCC_WARN_ABOUT_RETURN_TYPE = YES_ERROR;
				GCC_WARN_UNDECLARED_SELECTOR = YES;
				GCC_WARN_UNINITIALIZED_AUTOS = YES_AGGRESSIVE;
				GCC_WARN_UNUSED_FUNCTION = YES;
				GCC_WARN_UNUSED_VARIABLE = YES;
				IPHONEOS_DEPLOYMENT_TARGET = 15.5;
				MTL_ENABLE_DEBUG_INFO = INCLUDE_SOURCE;
				MTL_FAST_MATH = YES;
				ONLY_ACTIVE_ARCH = YES;
				SDKROOT = iphoneos;
				SWIFT_ACTIVE_COMPILATION_CONDITIONS = DEBUG;
				SWIFT_OPTIMIZATION_LEVEL = "-Onone";
			};
			name = Debug;
		};
		ED065AB128471FBA0037D07E /* Release */ = {
			isa = XCBuildConfiguration;
			buildSettings = {
				ALWAYS_SEARCH_USER_PATHS = NO;
				CLANG_ANALYZER_NONNULL = YES;
				CLANG_ANALYZER_NUMBER_OBJECT_CONVERSION = YES_AGGRESSIVE;
				CLANG_CXX_LANGUAGE_STANDARD = "gnu++17";
				CLANG_ENABLE_MODULES = YES;
				CLANG_ENABLE_OBJC_ARC = YES;
				CLANG_ENABLE_OBJC_WEAK = YES;
				CLANG_WARN_BLOCK_CAPTURE_AUTORELEASING = YES;
				CLANG_WARN_BOOL_CONVERSION = YES;
				CLANG_WARN_COMMA = YES;
				CLANG_WARN_CONSTANT_CONVERSION = YES;
				CLANG_WARN_DEPRECATED_OBJC_IMPLEMENTATIONS = YES;
				CLANG_WARN_DIRECT_OBJC_ISA_USAGE = YES_ERROR;
				CLANG_WARN_DOCUMENTATION_COMMENTS = YES;
				CLANG_WARN_EMPTY_BODY = YES;
				CLANG_WARN_ENUM_CONVERSION = YES;
				CLANG_WARN_INFINITE_RECURSION = YES;
				CLANG_WARN_INT_CONVERSION = YES;
				CLANG_WARN_NON_LITERAL_NULL_CONVERSION = YES;
				CLANG_WARN_OBJC_IMPLICIT_RETAIN_SELF = YES;
				CLANG_WARN_OBJC_LITERAL_CONVERSION = YES;
				CLANG_WARN_OBJC_ROOT_CLASS = YES_ERROR;
				CLANG_WARN_QUOTED_INCLUDE_IN_FRAMEWORK_HEADER = YES;
				CLANG_WARN_RANGE_LOOP_ANALYSIS = YES;
				CLANG_WARN_STRICT_PROTOTYPES = YES;
				CLANG_WARN_SUSPICIOUS_MOVE = YES;
				CLANG_WARN_UNGUARDED_AVAILABILITY = YES_AGGRESSIVE;
				CLANG_WARN_UNREACHABLE_CODE = YES;
				CLANG_WARN__DUPLICATE_METHOD_MATCH = YES;
				COPY_PHASE_STRIP = NO;
				DEBUG_INFORMATION_FORMAT = "dwarf-with-dsym";
				ENABLE_NS_ASSERTIONS = NO;
				ENABLE_STRICT_OBJC_MSGSEND = YES;
				GCC_C_LANGUAGE_STANDARD = gnu11;
				GCC_NO_COMMON_BLOCKS = YES;
				GCC_WARN_64_TO_32_BIT_CONVERSION = YES;
				GCC_WARN_ABOUT_RETURN_TYPE = YES_ERROR;
				GCC_WARN_UNDECLARED_SELECTOR = YES;
				GCC_WARN_UNINITIALIZED_AUTOS = YES_AGGRESSIVE;
				GCC_WARN_UNUSED_FUNCTION = YES;
				GCC_WARN_UNUSED_VARIABLE = YES;
				IPHONEOS_DEPLOYMENT_TARGET = 15.5;
				MTL_ENABLE_DEBUG_INFO = NO;
				MTL_FAST_MATH = YES;
				SDKROOT = iphoneos;
				SWIFT_COMPILATION_MODE = wholemodule;
				SWIFT_OPTIMIZATION_LEVEL = "-O";
				VALIDATE_PRODUCT = YES;
			};
			name = Release;
		};
		ED065AB328471FBA0037D07E /* Debug */ = {
			isa = XCBuildConfiguration;
			buildSettings = {
				ASSETCATALOG_COMPILER_APPICON_NAME = AppIcon;
				ASSETCATALOG_COMPILER_GLOBAL_ACCENT_COLOR_NAME = AccentColor;
				CODE_SIGN_STYLE = Automatic;
				CURRENT_PROJECT_VERSION = 1;
				DEVELOPMENT_TEAM = 2Y48Z77HM3;
				GENERATE_INFOPLIST_FILE = YES;
				INFOPLIST_FILE = Desafio1/Info.plist;
				INFOPLIST_KEY_UIApplicationSupportsIndirectInputEvents = YES;
				INFOPLIST_KEY_UILaunchStoryboardName = LaunchScreen;
				INFOPLIST_KEY_UIMainStoryboardFile = Main;
				INFOPLIST_KEY_UISupportedInterfaceOrientations_iPad = "UIInterfaceOrientationPortrait UIInterfaceOrientationPortraitUpsideDown UIInterfaceOrientationLandscapeLeft UIInterfaceOrientationLandscapeRight";
				INFOPLIST_KEY_UISupportedInterfaceOrientations_iPhone = "UIInterfaceOrientationPortrait UIInterfaceOrientationLandscapeLeft UIInterfaceOrientationLandscapeRight";
				LD_RUNPATH_SEARCH_PATHS = (
					"$(inherited)",
					"@executable_path/Frameworks",
				);
				MARKETING_VERSION = 1.0;
				PRODUCT_BUNDLE_IDENTIFIER = com.example.Desafio1;
				PRODUCT_NAME = "$(TARGET_NAME)";
				SWIFT_EMIT_LOC_STRINGS = YES;
				SWIFT_VERSION = 5.0;
				TARGETED_DEVICE_FAMILY = "1,2";
			};
			name = Debug;
		};
		ED065AB428471FBA0037D07E /* Release */ = {
			isa = XCBuildConfiguration;
			buildSettings = {
				ASSETCATALOG_COMPILER_APPICON_NAME = AppIcon;
				ASSETCATALOG_COMPILER_GLOBAL_ACCENT_COLOR_NAME = AccentColor;
				CODE_SIGN_STYLE = Automatic;
				CURRENT_PROJECT_VERSION = 1;
				DEVELOPMENT_TEAM = 2Y48Z77HM3;
				GENERATE_INFOPLIST_FILE = YES;
				INFOPLIST_FILE = Desafio1/Info.plist;
				INFOPLIST_KEY_UIApplicationSupportsIndirectInputEvents = YES;
				INFOPLIST_KEY_UILaunchStoryboardName = LaunchScreen;
				INFOPLIST_KEY_UIMainStoryboardFile = Main;
				INFOPLIST_KEY_UISupportedInterfaceOrientations_iPad = "UIInterfaceOrientationPortrait UIInterfaceOrientationPortraitUpsideDown UIInterfaceOrientationLandscapeLeft UIInterfaceOrientationLandscapeRight";
				INFOPLIST_KEY_UISupportedInterfaceOrientations_iPhone = "UIInterfaceOrientationPortrait UIInterfaceOrientationLandscapeLeft UIInterfaceOrientationLandscapeRight";
				LD_RUNPATH_SEARCH_PATHS = (
					"$(inherited)",
					"@executable_path/Frameworks",
				);
				MARKETING_VERSION = 1.0;
				PRODUCT_BUNDLE_IDENTIFIER = com.example.Desafio1;
				PRODUCT_NAME = "$(TARGET_NAME)";
				SWIFT_EMIT_LOC_STRINGS = YES;
				SWIFT_VERSION = 5.0;
				TARGETED_DEVICE_FAMILY = "1,2";
			};
			name = Release;
		};
/* End XCBuildConfiguration section */

/* Begin XCConfigurationList section */
		ED065A9928471FB80037D07E /* Build configuration list for PBXProject "Desafio1" */ = {
			isa = XCConfigurationList;
			buildConfigurations = (
				ED065AB028471FBA0037D07E /* Debug */,
				ED065AB128471FBA0037D07E /* Release */,
			);
			defaultConfigurationIsVisible = 0;
			defaultConfigurationName = Release;
		};
		ED065AB228471FBA0037D07E /* Build configuration list for PBXNativeTarget "Desafio1" */ = {
			isa = XCConfigurationList;
			buildConfigurations = (
				ED065AB328471FBA0037D07E /* Debug */,
				ED065AB428471FBA0037D07E /* Release */,
			);
			defaultConfigurationIsVisible = 0;
			defaultConfigurationName = Release;
		};
/* End XCConfigurationList section */
	};
	rootObject = ED065A9628471FB80037D07E /* Project object */;
}
